Microsoft Visual Studio Solution File, Format Version 12.00
# Visual Studio Version 17
VisualStudioVersion = 17.0.31903.59
MinimumVisualStudioVersion = 10.0.40219.1
Project("{FAE04EC0-301F-11D3-BF4B-00C04F79EFBC}") = "DeepCode", "DeepCode\DeepCode.csproj", "{2A8E1C3B-1F92-4C40-9F00-2A5D9CFE0001}"
EndProject
Global
	GlobalSection(SolutionConfigurationPlatforms) = preSolution
		Debug|Any CPU = Debug|Any CPU
		Release|Any CPU = Release|Any CPU
	EndGlobalSection
	GlobalSection(ProjectConfigurationPlatforms) = postSolution
		{2A8E1C3B-1F92-4C40-9F00-2A5D9CFE0001}.Debug|Any CPU.ActiveCfg = Debug|Any CPU
		{2A8E1C3B-1F92-4C40-9F00-2A5D9CFE0001}.Debug|Any CPU.Build.0 = Debug|Any CPU
		{2A8E1C3B-1F92-4C40-9F00-2A5D9CFE0001}.Release|Any CPU.ActiveCfg = Release|Any CPU
		{2A8E1C3B-1F92-4C40-9F00-2A5D9CFE0001}.Release|Any CPU.Build.0 = Release|Any CPU
	EndGlobalSection
	GlobalSection(SolutionProperties) = preSolution
		HideSolutionNode = FALSE
	EndGlobalSection
EndGlobal
